
Microsoft Visual Studio Solution File, Format Version 12.00
# Visual Studio Version 16
VisualStudioVersion = 16.0.31702.278
MinimumVisualStudioVersion = 10.0.40219.1
Project("{FAE04EC0-301F-11D3-BF4B-00C04F79EFBC}") = "StudentManagement", "StudentManagement\StudentManagement.csproj", "{784B52CD-E60D-4BD1-9AE3-CC8D4861FA10}"
EndProject
Global
	GlobalSection(SolutionConfigurationPlatforms) = preSolution
		Debug|Any CPU = Debug|Any CPU
		Release|Any CPU = Release|Any CPU
	EndGlobalSection
	GlobalSection(ProjectConfigurationPlatforms) = postSolution
		{784B52CD-E60D-4BD1-9AE3-CC8D4861FA10}.Debug|Any CPU.ActiveCfg = Debug|Any CPU
		{784B52CD-E60D-4BD1-9AE3-CC8D4861FA10}.Debug|Any CPU.Build.0 = Debug|Any CPU
		{784B52CD-E60D-4BD1-9AE3-CC8D4861FA10}.Release|Any CPU.ActiveCfg = Release|Any CPU
		{784B52CD-E60D-4BD1-9AE3-CC8D4861FA10}.Release|Any CPU.Build.0 = Release|Any CPU
	EndGlobalSection
	GlobalSection(SolutionProperties) = preSolution
		HideSolutionNode = FALSE
	EndGlobalSection
	GlobalSection(ExtensibilityGlobals) = postSolution
		SolutionGuid = {64257F83-FD2D-4F4A-9521-7035173CC3B3}
	EndGlobalSection
EndGlobal
